
Microsoft Visual Studio Solution File, Format Version 12.00
# Visual Studio 2012
Project("{FAE04EC0-301F-11D3-BF4B-00C04F79EFBC}") = "WFTest2", "WFTest2\WFTest2.csproj", "{ACF3468A-424B-4515-9EC7-33CBF18337E7}"
EndProject
Global
	GlobalSection(SolutionConfigurationPlatforms) = preSolution
		Debug|Any CPU = Debug|Any CPU
		Release|Any CPU = Release|Any CPU
	EndGlobalSection
	GlobalSection(ProjectConfigurationPlatforms) = postSolution
		{ACF3468A-424B-4515-9EC7-33CBF18337E7}.Debug|Any CPU.ActiveCfg = Debug|Any CPU
		{ACF3468A-424B-4515-9EC7-33CBF18337E7}.Debug|Any CPU.Build.0 = Debug|Any CPU
		{ACF3468A-424B-4515-9EC7-33CBF18337E7}.Release|Any CPU.ActiveCfg = Release|Any CPU
		{ACF3468A-424B-4515-9EC7-33CBF18337E7}.Release|Any CPU.Build.0 = Release|Any CPU
	EndGlobalSection
	GlobalSection(SolutionProperties) = preSolution
		HideSolutionNode = FALSE
	EndGlobalSection
EndGlobal
